
Microsoft Visual Studio Solution File, Format Version 12.00
# Visual Studio Version 16
VisualStudioVersion = 16.0.32126.315
MinimumVisualStudioVersion = 10.0.40219.1
Project("{9A19103F-16F7-4668-BE54-9A1E7A4F7556}") = "RememberMe", "RememberMe\RememberMe.csproj", "{FA3BFA4B-7C6A-4D60-AEE7-E7A5D5D53547}"
EndProject
Project("{9A19103F-16F7-4668-BE54-9A1E7A4F7556}") = "Repo.Ef", "Repo.Ef\Repo.Ef.csproj", "{731CEFA5-9F5A-4F00-860B-80463A241FF0}"
EndProject
Project("{9A19103F-16F7-4668-BE54-9A1E7A4F7556}") = "Models", "Models\Models.csproj", "{288492A6-BEA9-433A-BFEA-480BF897D7D9}"
EndProject
Global
	GlobalSection(SolutionConfigurationPlatforms) = preSolution
		Debug|Any CPU = Debug|Any CPU
		Release|Any CPU = Release|Any CPU
	EndGlobalSection
	GlobalSection(ProjectConfigurationPlatforms) = postSolution
		{FA3BFA4B-7C6A-4D60-AEE7-E7A5D5D53547}.Debug|Any CPU.ActiveCfg = Debug|Any CPU
		{FA3BFA4B-7C6A-4D60-AEE7-E7A5D5D53547}.Debug|Any CPU.Build.0 = Debug|Any CPU
		{FA3BFA4B-7C6A-4D60-AEE7-E7A5D5D53547}.Release|Any CPU.ActiveCfg = Release|Any CPU
		{FA3BFA4B-7C6A-4D60-AEE7-E7A5D5D53547}.Release|Any CPU.Build.0 = Release|Any CPU
		{731CEFA5-9F5A-4F00-860B-80463A241FF0}.Debug|Any CPU.ActiveCfg = Debug|Any CPU
		{731CEFA5-9F5A-4F00-860B-80463A241FF0}.Debug|Any CPU.Build.0 = Debug|Any CPU
		{731CEFA5-9F5A-4F00-860B-80463A241FF0}.Release|Any CPU.ActiveCfg = Release|Any CPU
		{731CEFA5-9F5A-4F00-860B-80463A241FF0}.Release|Any CPU.Build.0 = Release|Any CPU
		{288492A6-BEA9-433A-BFEA-480BF897D7D9}.Debug|Any CPU.ActiveCfg = Debug|Any CPU
		{288492A6-BEA9-433A-BFEA-480BF897D7D9}.Debug|Any CPU.Build.0 = Debug|Any CPU
		{288492A6-BEA9-433A-BFEA-480BF897D7D9}.Release|Any CPU.ActiveCfg = Release|Any CPU
		{288492A6-BEA9-433A-BFEA-480BF897D7D9}.Release|Any CPU.Build.0 = Release|Any CPU
	EndGlobalSection
	GlobalSection(SolutionProperties) = preSolution
		HideSolutionNode = FALSE
	EndGlobalSection
	GlobalSection(ExtensibilityGlobals) = postSolution
		SolutionGuid = {CD812B06-C76A-4CC0-9C1D-D2AF02C092C7}
	EndGlobalSection
EndGlobal
